
Microsoft Visual Studio Solution File, Format Version 12.00
# Visual Studio Version 16
VisualStudioVersion = 16.0.31105.61
MinimumVisualStudioVersion = 10.0.40219.1
Project("{2150E333-8FDC-42A3-9474-1A3956D46DE8}") = "Services", "Services", "{FB6CBAC3-0BF9-4217-A0EF-5D90D483B366}"
EndProject
Project("{2150E333-8FDC-42A3-9474-1A3956D46DE8}") = "Catalog", "Catalog", "{D481A578-2146-48C8-9C97-0227D3DD3D62}"
EndProject
Project("{9A19103F-16F7-4668-BE54-9A1E7A4F7556}") = "Catalog.Api", "Services\Catalog\Catalog.Api\Catalog.Api.csproj", "{0E1EC127-1CB3-4A45-88D0-36776885006F}"
EndProject
Project("{E53339B2-1760-4266-BCC7-CA923CBCF16C}") = "docker-compose", "docker-compose.dcproj", "{410D90DB-9390-4893-9B11-3FD7CD3F55A3}"
EndProject
Project("{2150E333-8FDC-42A3-9474-1A3956D46DE8}") = "Basket", "Basket", "{64E88849-922F-492E-939F-DB60E1832B6D}"
EndProject
Project("{2150E333-8FDC-42A3-9474-1A3956D46DE8}") = "Discount", "Discount", "{98A3DE2B-BEF0-43D2-8FE3-BB83DE3D6EF6}"
EndProject
Project("{9A19103F-16F7-4668-BE54-9A1E7A4F7556}") = "Basket.api", "Services\Basket\Basket.api\Basket.api.csproj", "{6DBC704A-7AB6-46DE-8BE4-C568D587DC72}"
EndProject
Project("{9A19103F-16F7-4668-BE54-9A1E7A4F7556}") = "Discount.Api", "Services\Discount\Discount.Api\Discount.Api.csproj", "{DA43FD3E-C5AD-4E1E-81E1-92168A9EE009}"
EndProject
Project("{FAE04EC0-301F-11D3-BF4B-00C04F79EFBC}") = "Discount.grpc", "Services\Discount\Discount.grpc\Discount.grpc.csproj", "{55E73656-70C2-47A4-A43B-2BF952B726AE}"
EndProject
Project("{2150E333-8FDC-42A3-9474-1A3956D46DE8}") = "Order", "Order", "{A6B0F298-30DB-4CAE-A088-A16E76BDA010}"
EndProject
Project("{FAE04EC0-301F-11D3-BF4B-00C04F79EFBC}") = "Order.Api", "Services\Order\Order.Api\Order.Api.csproj", "{24A2C9DC-FF44-4109-89AC-94F5F138CD39}"
EndProject
Project("{FAE04EC0-301F-11D3-BF4B-00C04F79EFBC}") = "Order.Application", "Services\Order\Order.Application\Order.Application.csproj", "{A8158448-769B-48E2-A42B-ADE8EF55AC49}"
EndProject
Project("{9A19103F-16F7-4668-BE54-9A1E7A4F7556}") = "Order.Domain", "Services\Order\Order.Domain\Order.Domain.csproj", "{94583BAF-9A82-491B-9D7C-5BD7596E3508}"
EndProject
Project("{FAE04EC0-301F-11D3-BF4B-00C04F79EFBC}") = "Order.Infrastructure", "Services\Order\Order.Infrastructure\Order.Infrastructure.csproj", "{E7FC09E1-D76F-4303-AF03-B252DFB88122}"
EndProject
Global
	GlobalSection(SolutionConfigurationPlatforms) = preSolution
		Debug|Any CPU = Debug|Any CPU
		Release|Any CPU = Release|Any CPU
	EndGlobalSection
	GlobalSection(ProjectConfigurationPlatforms) = postSolution
		{0E1EC127-1CB3-4A45-88D0-36776885006F}.Debug|Any CPU.ActiveCfg = Debug|Any CPU
		{0E1EC127-1CB3-4A45-88D0-36776885006F}.Debug|Any CPU.Build.0 = Debug|Any CPU
		{0E1EC127-1CB3-4A45-88D0-36776885006F}.Release|Any CPU.ActiveCfg = Release|Any CPU
		{0E1EC127-1CB3-4A45-88D0-36776885006F}.Release|Any CPU.Build.0 = Release|Any CPU
		{410D90DB-9390-4893-9B11-3FD7CD3F55A3}.Debug|Any CPU.ActiveCfg = Debug|Any CPU
		{410D90DB-9390-4893-9B11-3FD7CD3F55A3}.Debug|Any CPU.Build.0 = Debug|Any CPU
		{410D90DB-9390-4893-9B11-3FD7CD3F55A3}.Release|Any CPU.ActiveCfg = Release|Any CPU
		{410D90DB-9390-4893-9B11-3FD7CD3F55A3}.Release|Any CPU.Build.0 = Release|Any CPU
		{6DBC704A-7AB6-46DE-8BE4-C568D587DC72}.Debug|Any CPU.ActiveCfg = Debug|Any CPU
		{6DBC704A-7AB6-46DE-8BE4-C568D587DC72}.Debug|Any CPU.Build.0 = Debug|Any CPU
		{6DBC704A-7AB6-46DE-8BE4-C568D587DC72}.Release|Any CPU.ActiveCfg = Release|Any CPU
		{6DBC704A-7AB6-46DE-8BE4-C568D587DC72}.Release|Any CPU.Build.0 = Release|Any CPU
		{DA43FD3E-C5AD-4E1E-81E1-92168A9EE009}.Debug|Any CPU.ActiveCfg = Debug|Any CPU
		{DA43FD3E-C5AD-4E1E-81E1-92168A9EE009}.Debug|Any CPU.Build.0 = Debug|Any CPU
		{DA43FD3E-C5AD-4E1E-81E1-92168A9EE009}.Release|Any CPU.ActiveCfg = Release|Any CPU
		{DA43FD3E-C5AD-4E1E-81E1-92168A9EE009}.Release|Any CPU.Build.0 = Release|Any CPU
		{55E73656-70C2-47A4-A43B-2BF952B726AE}.Debug|Any CPU.ActiveCfg = Debug|Any CPU
		{55E73656-70C2-47A4-A43B-2BF952B726AE}.Debug|Any CPU.Build.0 = Debug|Any CPU
		{55E73656-70C2-47A4-A43B-2BF952B726AE}.Release|Any CPU.ActiveCfg = Release|Any CPU
		{55E73656-70C2-47A4-A43B-2BF952B726AE}.Release|Any CPU.Build.0 = Release|Any CPU
		{24A2C9DC-FF44-4109-89AC-94F5F138CD39}.Debug|Any CPU.ActiveCfg = Debug|Any CPU
		{24A2C9DC-FF44-4109-89AC-94F5F138CD39}.Debug|Any CPU.Build.0 = Debug|Any CPU
		{24A2C9DC-FF44-4109-89AC-94F5F138CD39}.Release|Any CPU.ActiveCfg = Release|Any CPU
		{24A2C9DC-FF44-4109-89AC-94F5F138CD39}.Release|Any CPU.Build.0 = Release|Any CPU
		{A8158448-769B-48E2-A42B-ADE8EF55AC49}.Debug|Any CPU.ActiveCfg = Debug|Any CPU
		{A8158448-769B-48E2-A42B-ADE8EF55AC49}.Debug|Any CPU.Build.0 = Debug|Any CPU
		{A8158448-769B-48E2-A42B-ADE8EF55AC49}.Release|Any CPU.ActiveCfg = Release|Any CPU
		{A8158448-769B-48E2-A42B-ADE8EF55AC49}.Release|Any CPU.Build.0 = Release|Any CPU
		{94583BAF-9A82-491B-9D7C-5BD7596E3508}.Debug|Any CPU.ActiveCfg = Debug|Any CPU
		{94583BAF-9A82-491B-9D7C-5BD7596E3508}.Debug|Any CPU.Build.0 = Debug|Any CPU
		{94583BAF-9A82-491B-9D7C-5BD7596E3508}.Release|Any CPU.ActiveCfg = Release|Any CPU
		{94583BAF-9A82-491B-9D7C-5BD7596E3508}.Release|Any CPU.Build.0 = Release|Any CPU
		{E7FC09E1-D76F-4303-AF03-B252DFB88122}.Debug|Any CPU.ActiveCfg = Debug|Any CPU
		{E7FC09E1-D76F-4303-AF03-B252DFB88122}.Debug|Any CPU.Build.0 = Debug|Any CPU
		{E7FC09E1-D76F-4303-AF03-B252DFB88122}.Release|Any CPU.ActiveCfg = Release|Any CPU
		{E7FC09E1-D76F-4303-AF03-B252DFB88122}.Release|Any CPU.Build.0 = Release|Any CPU
	EndGlobalSection
	GlobalSection(SolutionProperties) = preSolution
		HideSolutionNode = FALSE
	EndGlobalSection
	GlobalSection(NestedProjects) = preSolution
		{D481A578-2146-48C8-9C97-0227D3DD3D62} = {FB6CBAC3-0BF9-4217-A0EF-5D90D483B366}
		{0E1EC127-1CB3-4A45-88D0-36776885006F} = {D481A578-2146-48C8-9C97-0227D3DD3D62}
		{64E88849-922F-492E-939F-DB60E1832B6D} = {FB6CBAC3-0BF9-4217-A0EF-5D90D483B366}
		{98A3DE2B-BEF0-43D2-8FE3-BB83DE3D6EF6} = {FB6CBAC3-0BF9-4217-A0EF-5D90D483B366}
		{6DBC704A-7AB6-46DE-8BE4-C568D587DC72} = {64E88849-922F-492E-939F-DB60E1832B6D}
		{DA43FD3E-C5AD-4E1E-81E1-92168A9EE009} = {98A3DE2B-BEF0-43D2-8FE3-BB83DE3D6EF6}
		{55E73656-70C2-47A4-A43B-2BF952B726AE} = {98A3DE2B-BEF0-43D2-8FE3-BB83DE3D6EF6}
		{A6B0F298-30DB-4CAE-A088-A16E76BDA010} = {FB6CBAC3-0BF9-4217-A0EF-5D90D483B366}
		{24A2C9DC-FF44-4109-89AC-94F5F138CD39} = {A6B0F298-30DB-4CAE-A088-A16E76BDA010}
		{A8158448-769B-48E2-A42B-ADE8EF55AC49} = {A6B0F298-30DB-4CAE-A088-A16E76BDA010}
		{94583BAF-9A82-491B-9D7C-5BD7596E3508} = {A6B0F298-30DB-4CAE-A088-A16E76BDA010}
		{E7FC09E1-D76F-4303-AF03-B252DFB88122} = {A6B0F298-30DB-4CAE-A088-A16E76BDA010}
	EndGlobalSection
	GlobalSection(ExtensibilityGlobals) = postSolution
		SolutionGuid = {042FAD94-F098-497F-AC65-5C914FC93518}
	EndGlobalSection
EndGlobal
